
Microsoft Visual Studio Solution File, Format Version 12.00
# Visual Studio Version 17
VisualStudioVersion = 17.0.31903.59
MinimumVisualStudioVersion = 10.0.40219.1
Project("{FAE04EC0-301F-11D3-BF4B-00C04F79EFBC}") = "KolekcijePonavljanje", "KolekcijePonavljanje.csproj", "{F6D159A0-D6F8-464B-ACCF-3E72DBC3911E}"
EndProject
Global
	GlobalSection(SolutionConfigurationPlatforms) = preSolution
		Debug|Any CPU = Debug|Any CPU
		Release|Any CPU = Release|Any CPU
	EndGlobalSection
	GlobalSection(ProjectConfigurationPlatforms) = postSolution
		{F6D159A0-D6F8-464B-ACCF-3E72DBC3911E}.Debug|Any CPU.ActiveCfg = Debug|Any CPU
		{F6D159A0-D6F8-464B-ACCF-3E72DBC3911E}.Debug|Any CPU.Build.0 = Debug|Any CPU
		{F6D159A0-D6F8-464B-ACCF-3E72DBC3911E}.Release|Any CPU.ActiveCfg = Release|Any CPU
		{F6D159A0-D6F8-464B-ACCF-3E72DBC3911E}.Release|Any CPU.Build.0 = Release|Any CPU
	EndGlobalSection
	GlobalSection(SolutionProperties) = preSolution
		HideSolutionNode = FALSE
	EndGlobalSection
	GlobalSection(ExtensibilityGlobals) = postSolution
		SolutionGuid = {98E0AF19-BD4C-4ED8-9BC1-806ACD88BAE1}
	EndGlobalSection
EndGlobal
